{
  "object": {
    "pins": [
      {
        "package": "SwiftTerm",
        "repositoryURL": "https://github.com/JacopoMangiavacchi/SwiftTerm",
        "state": {
          "branch": null,
          "revision": "0d3aa1545d8ec929d71d380dee14820e52064345",
          "version": "0.2.0"
        }
      }
    ]
  },
  "version": 1
}
